
Microsoft Visual Studio Solution File, Format Version 12.00
# Visual Studio Version 16
VisualStudioVersion = 16.0.30330.147
MinimumVisualStudioVersion = 10.0.40219.1
Project("{FAE04EC0-301F-11D3-BF4B-00C04F79EFBC}") = "CountToOne", "CountToOne\CountToOne.csproj", "{CCE130D6-1B54-4F5F-915E-E9F73A064487}"
EndProject
Global
	GlobalSection(SolutionConfigurationPlatforms) = preSolution
		Debug|Any CPU = Debug|Any CPU
		Release|Any CPU = Release|Any CPU
	EndGlobalSection
	GlobalSection(ProjectConfigurationPlatforms) = postSolution
		{CCE130D6-1B54-4F5F-915E-E9F73A064487}.Debug|Any CPU.ActiveCfg = Debug|Any CPU
		{CCE130D6-1B54-4F5F-915E-E9F73A064487}.Debug|Any CPU.Build.0 = Debug|Any CPU
		{CCE130D6-1B54-4F5F-915E-E9F73A064487}.Release|Any CPU.ActiveCfg = Release|Any CPU
		{CCE130D6-1B54-4F5F-915E-E9F73A064487}.Release|Any CPU.Build.0 = Release|Any CPU
	EndGlobalSection
	GlobalSection(SolutionProperties) = preSolution
		HideSolutionNode = FALSE
	EndGlobalSection
	GlobalSection(ExtensibilityGlobals) = postSolution
		SolutionGuid = {69AE3127-3042-474B-A4A8-9772CA49387B}
	EndGlobalSection
EndGlobal
